
Microsoft Visual Studio Solution File, Format Version 12.00
# Visual Studio Version 17
VisualStudioVersion = 17.9.34728.123
MinimumVisualStudioVersion = 10.0.40219.1
Project("{FAE04EC0-301F-11D3-BF4B-00C04F79EFBC}") = "DataHUBWebApplication", "DataHUBWebApplication.csproj", "{A5717605-361A-45B6-AF73-89859E7D231C}"
EndProject
Global
	GlobalSection(SolutionConfigurationPlatforms) = preSolution
		Debug|Any CPU = Debug|Any CPU
		Release|Any CPU = Release|Any CPU
	EndGlobalSection
	GlobalSection(ProjectConfigurationPlatforms) = postSolution
		{A5717605-361A-45B6-AF73-89859E7D231C}.Debug|Any CPU.ActiveCfg = Debug|Any CPU
		{A5717605-361A-45B6-AF73-89859E7D231C}.Debug|Any CPU.Build.0 = Debug|Any CPU
		{A5717605-361A-45B6-AF73-89859E7D231C}.Release|Any CPU.ActiveCfg = Release|Any CPU
		{A5717605-361A-45B6-AF73-89859E7D231C}.Release|Any CPU.Build.0 = Release|Any CPU
	EndGlobalSection
	GlobalSection(SolutionProperties) = preSolution
		HideSolutionNode = FALSE
	EndGlobalSection
	GlobalSection(ExtensibilityGlobals) = postSolution
		SolutionGuid = {7B30DD06-C817-4FBF-90F7-C83A9AD70371}
	EndGlobalSection
EndGlobal
